
Microsoft Visual Studio Solution File, Format Version 12.00
# Visual Studio Version 17
VisualStudioVersion = 17.1.32328.378
MinimumVisualStudioVersion = 10.0.40219.1
Project("{FAE04EC0-301F-11D3-BF4B-00C04F79EFBC}") = "DotNetOrm", "DotNetOrm\DotNetOrm.csproj", "{BEE6DFF7-D4E5-437F-99BF-9A707960690F}"
EndProject
Project("{FAE04EC0-301F-11D3-BF4B-00C04F79EFBC}") = "DotNetOrm.Console", "DotNetOrm.Console\DotNetOrm.Console.csproj", "{EBB19188-0D27-4E12-A908-56D2ADC16179}"
EndProject
Global
	GlobalSection(SolutionConfigurationPlatforms) = preSolution
		Debug|Any CPU = Debug|Any CPU
		Release|Any CPU = Release|Any CPU
	EndGlobalSection
	GlobalSection(ProjectConfigurationPlatforms) = postSolution
		{BEE6DFF7-D4E5-437F-99BF-9A707960690F}.Debug|Any CPU.ActiveCfg = Debug|Any CPU
		{BEE6DFF7-D4E5-437F-99BF-9A707960690F}.Debug|Any CPU.Build.0 = Debug|Any CPU
		{BEE6DFF7-D4E5-437F-99BF-9A707960690F}.Release|Any CPU.ActiveCfg = Release|Any CPU
		{BEE6DFF7-D4E5-437F-99BF-9A707960690F}.Release|Any CPU.Build.0 = Release|Any CPU
		{EBB19188-0D27-4E12-A908-56D2ADC16179}.Debug|Any CPU.ActiveCfg = Debug|Any CPU
		{EBB19188-0D27-4E12-A908-56D2ADC16179}.Debug|Any CPU.Build.0 = Debug|Any CPU
		{EBB19188-0D27-4E12-A908-56D2ADC16179}.Release|Any CPU.ActiveCfg = Release|Any CPU
		{EBB19188-0D27-4E12-A908-56D2ADC16179}.Release|Any CPU.Build.0 = Release|Any CPU
	EndGlobalSection
	GlobalSection(SolutionProperties) = preSolution
		HideSolutionNode = FALSE
	EndGlobalSection
	GlobalSection(ExtensibilityGlobals) = postSolution
		SolutionGuid = {44E6B10D-2151-45F2-9C5A-057B8A9C397B}
	EndGlobalSection
EndGlobal
